
Microsoft Visual Studio Solution File, Format Version 12.00
# Visual Studio Version 16
VisualStudioVersion = 16.0.31229.75
MinimumVisualStudioVersion = 10.0.40219.1
Project("{9A19103F-16F7-4668-BE54-9A1E7A4F7556}") = "AltTilde2", "AltTilde2.csproj", "{1964834C-9941-4185-BE99-091A7B319488}"
EndProject
Global
	GlobalSection(SolutionConfigurationPlatforms) = preSolution
		Debug|Any CPU = Debug|Any CPU
		Release|Any CPU = Release|Any CPU
	EndGlobalSection
	GlobalSection(ProjectConfigurationPlatforms) = postSolution
		{1964834C-9941-4185-BE99-091A7B319488}.Debug|Any CPU.ActiveCfg = Debug|Any CPU
		{1964834C-9941-4185-BE99-091A7B319488}.Debug|Any CPU.Build.0 = Debug|Any CPU
		{1964834C-9941-4185-BE99-091A7B319488}.Release|Any CPU.ActiveCfg = Release|Any CPU
		{1964834C-9941-4185-BE99-091A7B319488}.Release|Any CPU.Build.0 = Release|Any CPU
	EndGlobalSection
	GlobalSection(SolutionProperties) = preSolution
		HideSolutionNode = FALSE
	EndGlobalSection
	GlobalSection(ExtensibilityGlobals) = postSolution
		SolutionGuid = {26147829-128D-4FC8-B7ED-B181B731D1A3}
	EndGlobalSection
EndGlobal
